
Microsoft Visual Studio Solution File, Format Version 12.00
# Visual Studio Version 16
VisualStudioVersion = 16.0.33529.622
MinimumVisualStudioVersion = 10.0.40219.1
Project("{FAE04EC0-301F-11D3-BF4B-00C04F79EFBC}") = "ExceptionalHandlingWithRetry", "ExceptionalHandlingWithRetry\ExceptionalHandlingWithRetry.csproj", "{29FFBF7F-9676-4237-A354-303E907159FF}"
EndProject
Global
	GlobalSection(SolutionConfigurationPlatforms) = preSolution
		Debug|Any CPU = Debug|Any CPU
		Release|Any CPU = Release|Any CPU
	EndGlobalSection
	GlobalSection(ProjectConfigurationPlatforms) = postSolution
		{29FFBF7F-9676-4237-A354-303E907159FF}.Debug|Any CPU.ActiveCfg = Debug|Any CPU
		{29FFBF7F-9676-4237-A354-303E907159FF}.Debug|Any CPU.Build.0 = Debug|Any CPU
		{29FFBF7F-9676-4237-A354-303E907159FF}.Release|Any CPU.ActiveCfg = Release|Any CPU
		{29FFBF7F-9676-4237-A354-303E907159FF}.Release|Any CPU.Build.0 = Release|Any CPU
	EndGlobalSection
	GlobalSection(SolutionProperties) = preSolution
		HideSolutionNode = FALSE
	EndGlobalSection
	GlobalSection(ExtensibilityGlobals) = postSolution
		SolutionGuid = {7563C537-3268-4A28-873D-925F6FA61EB0}
	EndGlobalSection
EndGlobal
