
Microsoft Visual Studio Solution File, Format Version 12.00
# Visual Studio Version 16
VisualStudioVersion = 16.0.33529.622
MinimumVisualStudioVersion = 10.0.40219.1
Project("{FAE04EC0-301F-11D3-BF4B-00C04F79EFBC}") = "CompanySystem", "CompanySystem\CompanySystem.csproj", "{0F009694-0DC8-4ED5-9526-969A206CF2F7}"
EndProject
Global
	GlobalSection(SolutionConfigurationPlatforms) = preSolution
		Debug|Any CPU = Debug|Any CPU
		Release|Any CPU = Release|Any CPU
	EndGlobalSection
	GlobalSection(ProjectConfigurationPlatforms) = postSolution
		{0F009694-0DC8-4ED5-9526-969A206CF2F7}.Debug|Any CPU.ActiveCfg = Debug|Any CPU
		{0F009694-0DC8-4ED5-9526-969A206CF2F7}.Debug|Any CPU.Build.0 = Debug|Any CPU
		{0F009694-0DC8-4ED5-9526-969A206CF2F7}.Release|Any CPU.ActiveCfg = Release|Any CPU
		{0F009694-0DC8-4ED5-9526-969A206CF2F7}.Release|Any CPU.Build.0 = Release|Any CPU
	EndGlobalSection
	GlobalSection(SolutionProperties) = preSolution
		HideSolutionNode = FALSE
	EndGlobalSection
	GlobalSection(ExtensibilityGlobals) = postSolution
		SolutionGuid = {DE6AD4C5-9C26-4A60-907C-992C14773656}
	EndGlobalSection
EndGlobal
