
Microsoft Visual Studio Solution File, Format Version 12.00
# Visual Studio Version 16
VisualStudioVersion = 16.0.33529.622
MinimumVisualStudioVersion = 10.0.40219.1
Project("{FAE04EC0-301F-11D3-BF4B-00C04F79EFBC}") = "VehicleManagment", "VehicleManagment\VehicleManagment.csproj", "{1D83BD1C-8C64-4132-9FF0-D47BD09E1BCC}"
EndProject
Global
	GlobalSection(SolutionConfigurationPlatforms) = preSolution
		Debug|Any CPU = Debug|Any CPU
		Release|Any CPU = Release|Any CPU
	EndGlobalSection
	GlobalSection(ProjectConfigurationPlatforms) = postSolution
		{1D83BD1C-8C64-4132-9FF0-D47BD09E1BCC}.Debug|Any CPU.ActiveCfg = Debug|Any CPU
		{1D83BD1C-8C64-4132-9FF0-D47BD09E1BCC}.Debug|Any CPU.Build.0 = Debug|Any CPU
		{1D83BD1C-8C64-4132-9FF0-D47BD09E1BCC}.Release|Any CPU.ActiveCfg = Release|Any CPU
		{1D83BD1C-8C64-4132-9FF0-D47BD09E1BCC}.Release|Any CPU.Build.0 = Release|Any CPU
	EndGlobalSection
	GlobalSection(SolutionProperties) = preSolution
		HideSolutionNode = FALSE
	EndGlobalSection
	GlobalSection(ExtensibilityGlobals) = postSolution
		SolutionGuid = {A8B018E8-E338-48E6-989C-C9FD0B360FAE}
	EndGlobalSection
EndGlobal
