
Microsoft Visual Studio Solution File, Format Version 12.00
# Visual Studio Version 16
VisualStudioVersion = 16.0.33529.622
MinimumVisualStudioVersion = 10.0.40219.1
Project("{FAE04EC0-301F-11D3-BF4B-00C04F79EFBC}") = "UseCase3", "UseCase1\UseCase3.csproj", "{57CA7C45-5F1E-4EAE-9028-86FEE0236BF0}"
EndProject
Global
	GlobalSection(SolutionConfigurationPlatforms) = preSolution
		Debug|Any CPU = Debug|Any CPU
		Release|Any CPU = Release|Any CPU
	EndGlobalSection
	GlobalSection(ProjectConfigurationPlatforms) = postSolution
		{57CA7C45-5F1E-4EAE-9028-86FEE0236BF0}.Debug|Any CPU.ActiveCfg = Debug|Any CPU
		{57CA7C45-5F1E-4EAE-9028-86FEE0236BF0}.Debug|Any CPU.Build.0 = Debug|Any CPU
		{57CA7C45-5F1E-4EAE-9028-86FEE0236BF0}.Release|Any CPU.ActiveCfg = Release|Any CPU
		{57CA7C45-5F1E-4EAE-9028-86FEE0236BF0}.Release|Any CPU.Build.0 = Release|Any CPU
	EndGlobalSection
	GlobalSection(SolutionProperties) = preSolution
		HideSolutionNode = FALSE
	EndGlobalSection
	GlobalSection(ExtensibilityGlobals) = postSolution
		SolutionGuid = {41BAA772-09AA-4D7E-A14C-C3C17B58208D}
	EndGlobalSection
EndGlobal
