
Microsoft Visual Studio Solution File, Format Version 12.00
# Visual Studio Version 16
VisualStudioVersion = 16.0.33529.622
MinimumVisualStudioVersion = 10.0.40219.1
Project("{FAE04EC0-301F-11D3-BF4B-00C04F79EFBC}") = "Calculator", "Calculator\Calculator.csproj", "{7E0BD84F-696D-47E0-9720-0277147B535E}"
EndProject
Global
	GlobalSection(SolutionConfigurationPlatforms) = preSolution
		Debug|Any CPU = Debug|Any CPU
		Release|Any CPU = Release|Any CPU
	EndGlobalSection
	GlobalSection(ProjectConfigurationPlatforms) = postSolution
		{7E0BD84F-696D-47E0-9720-0277147B535E}.Debug|Any CPU.ActiveCfg = Debug|Any CPU
		{7E0BD84F-696D-47E0-9720-0277147B535E}.Debug|Any CPU.Build.0 = Debug|Any CPU
		{7E0BD84F-696D-47E0-9720-0277147B535E}.Release|Any CPU.ActiveCfg = Release|Any CPU
		{7E0BD84F-696D-47E0-9720-0277147B535E}.Release|Any CPU.Build.0 = Release|Any CPU
	EndGlobalSection
	GlobalSection(SolutionProperties) = preSolution
		HideSolutionNode = FALSE
	EndGlobalSection
	GlobalSection(ExtensibilityGlobals) = postSolution
		SolutionGuid = {85057E88-0FC3-4D66-9382-2F18E6119A84}
	EndGlobalSection
EndGlobal
